
Microsoft Visual Studio Solution File, Format Version 12.00
# Visual Studio Version 16
VisualStudioVersion = 16.0.30621.155
MinimumVisualStudioVersion = 10.0.40219.1
Project("{FAE04EC0-301F-11D3-BF4B-00C04F79EFBC}") = "SharpEngine", "SharpEngine\SharpEngine.csproj", "{0BA39C35-5DFB-47E1-9F43-9F91C8B0C242}"
EndProject
Global
	GlobalSection(SolutionConfigurationPlatforms) = preSolution
		Debug|Any CPU = Debug|Any CPU
		Release|Any CPU = Release|Any CPU
	EndGlobalSection
	GlobalSection(ProjectConfigurationPlatforms) = postSolution
		{0BA39C35-5DFB-47E1-9F43-9F91C8B0C242}.Debug|Any CPU.ActiveCfg = Debug|Any CPU
		{0BA39C35-5DFB-47E1-9F43-9F91C8B0C242}.Debug|Any CPU.Build.0 = Debug|Any CPU
		{0BA39C35-5DFB-47E1-9F43-9F91C8B0C242}.Release|Any CPU.ActiveCfg = Release|Any CPU
		{0BA39C35-5DFB-47E1-9F43-9F91C8B0C242}.Release|Any CPU.Build.0 = Release|Any CPU
	EndGlobalSection
	GlobalSection(SolutionProperties) = preSolution
		HideSolutionNode = FALSE
	EndGlobalSection
	GlobalSection(ExtensibilityGlobals) = postSolution
		SolutionGuid = {41E233A5-D6D6-4A53-9F37-4DA92E4D83CB}
	EndGlobalSection
EndGlobal
